
Microsoft Visual Studio Solution File, Format Version 12.00
# Visual Studio Version 17
VisualStudioVersion = 17.3.32819.101
MinimumVisualStudioVersion = 10.0.40219.1
Project("{FAE04EC0-301F-11D3-BF4B-00C04F79EFBC}") = "Exercicio9", "Exercicio9\Exercicio9.csproj", "{A81D589B-798C-493F-937F-EAD9FF569253}"
EndProject
Global
	GlobalSection(SolutionConfigurationPlatforms) = preSolution
		Debug|Any CPU = Debug|Any CPU
		Release|Any CPU = Release|Any CPU
	EndGlobalSection
	GlobalSection(ProjectConfigurationPlatforms) = postSolution
		{A81D589B-798C-493F-937F-EAD9FF569253}.Debug|Any CPU.ActiveCfg = Debug|Any CPU
		{A81D589B-798C-493F-937F-EAD9FF569253}.Debug|Any CPU.Build.0 = Debug|Any CPU
		{A81D589B-798C-493F-937F-EAD9FF569253}.Release|Any CPU.ActiveCfg = Release|Any CPU
		{A81D589B-798C-493F-937F-EAD9FF569253}.Release|Any CPU.Build.0 = Release|Any CPU
	EndGlobalSection
	GlobalSection(SolutionProperties) = preSolution
		HideSolutionNode = FALSE
	EndGlobalSection
	GlobalSection(ExtensibilityGlobals) = postSolution
		SolutionGuid = {A1FAA41E-8EC9-41D2-A1B7-9B73073A50AF}
	EndGlobalSection
EndGlobal
