
Microsoft Visual Studio Solution File, Format Version 12.00
# Visual Studio Version 17
VisualStudioVersion = 17.14.36623.8 d17.14
MinimumVisualStudioVersion = 10.0.40219.1
Project("{FAE04EC0-301F-11D3-BF4B-00C04F79EFBC}") = "Biblioteca", "Biblioteca\Biblioteca.csproj", "{ACD97B4F-FDB6-49CC-9875-79EFB5C5FF00}"
EndProject
Global
	GlobalSection(SolutionConfigurationPlatforms) = preSolution
		Debug|Any CPU = Debug|Any CPU
		Release|Any CPU = Release|Any CPU
	EndGlobalSection
	GlobalSection(ProjectConfigurationPlatforms) = postSolution
		{ACD97B4F-FDB6-49CC-9875-79EFB5C5FF00}.Debug|Any CPU.ActiveCfg = Debug|Any CPU
		{ACD97B4F-FDB6-49CC-9875-79EFB5C5FF00}.Debug|Any CPU.Build.0 = Debug|Any CPU
		{ACD97B4F-FDB6-49CC-9875-79EFB5C5FF00}.Release|Any CPU.ActiveCfg = Release|Any CPU
		{ACD97B4F-FDB6-49CC-9875-79EFB5C5FF00}.Release|Any CPU.Build.0 = Release|Any CPU
	EndGlobalSection
	GlobalSection(SolutionProperties) = preSolution
		HideSolutionNode = FALSE
	EndGlobalSection
	GlobalSection(ExtensibilityGlobals) = postSolution
		SolutionGuid = {5A233285-6514-4DF1-A849-2F1D48DFDBA9}
	EndGlobalSection
EndGlobal
