
Microsoft Visual Studio Solution File, Format Version 12.00
# Visual Studio Version 17
VisualStudioVersion = 17.3.32819.101
MinimumVisualStudioVersion = 10.0.40219.1
Project("{FAE04EC0-301F-11D3-BF4B-00C04F79EFBC}") = "Exercicio8", "Exercicio8\Exercicio8.csproj", "{93F39A6B-1CE2-4D5A-9CE4-21F946E9D52F}"
EndProject
Global
	GlobalSection(SolutionConfigurationPlatforms) = preSolution
		Debug|Any CPU = Debug|Any CPU
		Release|Any CPU = Release|Any CPU
	EndGlobalSection
	GlobalSection(ProjectConfigurationPlatforms) = postSolution
		{93F39A6B-1CE2-4D5A-9CE4-21F946E9D52F}.Debug|Any CPU.ActiveCfg = Debug|Any CPU
		{93F39A6B-1CE2-4D5A-9CE4-21F946E9D52F}.Debug|Any CPU.Build.0 = Debug|Any CPU
		{93F39A6B-1CE2-4D5A-9CE4-21F946E9D52F}.Release|Any CPU.ActiveCfg = Release|Any CPU
		{93F39A6B-1CE2-4D5A-9CE4-21F946E9D52F}.Release|Any CPU.Build.0 = Release|Any CPU
	EndGlobalSection
	GlobalSection(SolutionProperties) = preSolution
		HideSolutionNode = FALSE
	EndGlobalSection
	GlobalSection(ExtensibilityGlobals) = postSolution
		SolutionGuid = {F4491DA1-E24E-4CA9-B19C-366F04AB86EE}
	EndGlobalSection
EndGlobal
