
Microsoft Visual Studio Solution File, Format Version 12.00
# Visual Studio Version 17
VisualStudioVersion = 17.3.32819.101
MinimumVisualStudioVersion = 10.0.40219.1
Project("{FAE04EC0-301F-11D3-BF4B-00C04F79EFBC}") = "Exmplo01", "Exmplo01\Exmplo01.csproj", "{780EEB4F-2EFD-48D3-A568-F2DD9DA6F46E}"
EndProject
Global
	GlobalSection(SolutionConfigurationPlatforms) = preSolution
		Debug|Any CPU = Debug|Any CPU
		Release|Any CPU = Release|Any CPU
	EndGlobalSection
	GlobalSection(ProjectConfigurationPlatforms) = postSolution
		{780EEB4F-2EFD-48D3-A568-F2DD9DA6F46E}.Debug|Any CPU.ActiveCfg = Debug|Any CPU
		{780EEB4F-2EFD-48D3-A568-F2DD9DA6F46E}.Debug|Any CPU.Build.0 = Debug|Any CPU
		{780EEB4F-2EFD-48D3-A568-F2DD9DA6F46E}.Release|Any CPU.ActiveCfg = Release|Any CPU
		{780EEB4F-2EFD-48D3-A568-F2DD9DA6F46E}.Release|Any CPU.Build.0 = Release|Any CPU
	EndGlobalSection
	GlobalSection(SolutionProperties) = preSolution
		HideSolutionNode = FALSE
	EndGlobalSection
	GlobalSection(ExtensibilityGlobals) = postSolution
		SolutionGuid = {468D8F52-DE60-4FBE-9781-3F06CAB3D926}
	EndGlobalSection
EndGlobal
